
Microsoft Visual Studio Solution File, Format Version 12.00
# Visual Studio Version 17
VisualStudioVersion = 17.4.33403.182
MinimumVisualStudioVersion = 10.0.40219.1
Project("{9A19103F-16F7-4668-BE54-9A1E7A4F7556}") = "LeetCodeChallenges", "LeetCodeChallenges\LeetCodeChallenges.csproj", "{ACEF658A-D4C1-4EBE-AD04-34FCEB6B9561}"
EndProject
Project("{FAE04EC0-301F-11D3-BF4B-00C04F79EFBC}") = "GFG.Practice", "GFG.Practice\GFG.Practice.csproj", "{B62E7279-B4FC-4674-9394-986778E6D9B2}"
EndProject
Global
	GlobalSection(SolutionConfigurationPlatforms) = preSolution
		Debug|Any CPU = Debug|Any CPU
		Release|Any CPU = Release|Any CPU
	EndGlobalSection
	GlobalSection(ProjectConfigurationPlatforms) = postSolution
		{ACEF658A-D4C1-4EBE-AD04-34FCEB6B9561}.Debug|Any CPU.ActiveCfg = Debug|Any CPU
		{ACEF658A-D4C1-4EBE-AD04-34FCEB6B9561}.Debug|Any CPU.Build.0 = Debug|Any CPU
		{ACEF658A-D4C1-4EBE-AD04-34FCEB6B9561}.Release|Any CPU.ActiveCfg = Release|Any CPU
		{ACEF658A-D4C1-4EBE-AD04-34FCEB6B9561}.Release|Any CPU.Build.0 = Release|Any CPU
		{B62E7279-B4FC-4674-9394-986778E6D9B2}.Debug|Any CPU.ActiveCfg = Debug|Any CPU
		{B62E7279-B4FC-4674-9394-986778E6D9B2}.Debug|Any CPU.Build.0 = Debug|Any CPU
		{B62E7279-B4FC-4674-9394-986778E6D9B2}.Release|Any CPU.ActiveCfg = Release|Any CPU
		{B62E7279-B4FC-4674-9394-986778E6D9B2}.Release|Any CPU.Build.0 = Release|Any CPU
	EndGlobalSection
	GlobalSection(SolutionProperties) = preSolution
		HideSolutionNode = FALSE
	EndGlobalSection
	GlobalSection(ExtensibilityGlobals) = postSolution
		SolutionGuid = {B5CCC2D9-5FC2-4660-AD2C-7473E71B83E0}
	EndGlobalSection
EndGlobal
